
Microsoft Visual Studio Solution File, Format Version 12.00
# Visual Studio 15
VisualStudioVersion = 15.0.26124.0
MinimumVisualStudioVersion = 15.0.26124.0
Project("{2150E333-8FDC-42A3-9474-1A3956D46DE8}") = "src", "src", "{9EFB98D4-277D-4514-AEF9-A569EF53CE3E}"
EndProject
Project("{FAE04EC0-301F-11D3-BF4B-00C04F79EFBC}") = "MvvmCross.Platforms.Gtk", "src\MvvmCross.Platforms.Gtk\MvvmCross.Platforms.Gtk.csproj", "{99AA874A-5447-4DC5-923D-3F1B51563D84}"
EndProject
Project("{FAE04EC0-301F-11D3-BF4B-00C04F79EFBC}") = "Playground.Core", "src\Playground.Core\Playground.Core.csproj", "{7C82A865-A02C-4B2E-AB0C-89DAF90335CE}"
EndProject
Project("{FAE04EC0-301F-11D3-BF4B-00C04F79EFBC}") = "Playground.Gtk", "src\Playground.Gtk\Playground.Gtk.csproj", "{70D7AB43-14A3-4DB1-86C7-119ECD1F90C5}"
EndProject
Project("{FAE04EC0-301F-11D3-BF4B-00C04F79EFBC}") = "Playground.Wpf", "src\Playground.Wpf\Playground.Wpf.csproj", "{0B7BA212-0585-4943-A1C0-A563F6A6C6BA}"
EndProject
Global
	GlobalSection(SolutionConfigurationPlatforms) = preSolution
		Debug|Any CPU = Debug|Any CPU
		Debug|x64 = Debug|x64
		Debug|x86 = Debug|x86
		Release|Any CPU = Release|Any CPU
		Release|x64 = Release|x64
		Release|x86 = Release|x86
	EndGlobalSection
	GlobalSection(SolutionProperties) = preSolution
		HideSolutionNode = FALSE
	EndGlobalSection
	GlobalSection(ProjectConfigurationPlatforms) = postSolution
		{99AA874A-5447-4DC5-923D-3F1B51563D84}.Debug|Any CPU.ActiveCfg = Debug|Any CPU
		{99AA874A-5447-4DC5-923D-3F1B51563D84}.Debug|Any CPU.Build.0 = Debug|Any CPU
		{99AA874A-5447-4DC5-923D-3F1B51563D84}.Debug|x64.ActiveCfg = Debug|Any CPU
		{99AA874A-5447-4DC5-923D-3F1B51563D84}.Debug|x64.Build.0 = Debug|Any CPU
		{99AA874A-5447-4DC5-923D-3F1B51563D84}.Debug|x86.ActiveCfg = Debug|Any CPU
		{99AA874A-5447-4DC5-923D-3F1B51563D84}.Debug|x86.Build.0 = Debug|Any CPU
		{99AA874A-5447-4DC5-923D-3F1B51563D84}.Release|Any CPU.ActiveCfg = Release|Any CPU
		{99AA874A-5447-4DC5-923D-3F1B51563D84}.Release|Any CPU.Build.0 = Release|Any CPU
		{99AA874A-5447-4DC5-923D-3F1B51563D84}.Release|x64.ActiveCfg = Release|Any CPU
		{99AA874A-5447-4DC5-923D-3F1B51563D84}.Release|x64.Build.0 = Release|Any CPU
		{99AA874A-5447-4DC5-923D-3F1B51563D84}.Release|x86.ActiveCfg = Release|Any CPU
		{99AA874A-5447-4DC5-923D-3F1B51563D84}.Release|x86.Build.0 = Release|Any CPU
		{7C82A865-A02C-4B2E-AB0C-89DAF90335CE}.Debug|Any CPU.ActiveCfg = Debug|Any CPU
		{7C82A865-A02C-4B2E-AB0C-89DAF90335CE}.Debug|Any CPU.Build.0 = Debug|Any CPU
		{7C82A865-A02C-4B2E-AB0C-89DAF90335CE}.Debug|x64.ActiveCfg = Debug|Any CPU
		{7C82A865-A02C-4B2E-AB0C-89DAF90335CE}.Debug|x64.Build.0 = Debug|Any CPU
		{7C82A865-A02C-4B2E-AB0C-89DAF90335CE}.Debug|x86.ActiveCfg = Debug|Any CPU
		{7C82A865-A02C-4B2E-AB0C-89DAF90335CE}.Debug|x86.Build.0 = Debug|Any CPU
		{7C82A865-A02C-4B2E-AB0C-89DAF90335CE}.Release|Any CPU.ActiveCfg = Release|Any CPU
		{7C82A865-A02C-4B2E-AB0C-89DAF90335CE}.Release|Any CPU.Build.0 = Release|Any CPU
		{7C82A865-A02C-4B2E-AB0C-89DAF90335CE}.Release|x64.ActiveCfg = Release|Any CPU
		{7C82A865-A02C-4B2E-AB0C-89DAF90335CE}.Release|x64.Build.0 = Release|Any CPU
		{7C82A865-A02C-4B2E-AB0C-89DAF90335CE}.Release|x86.ActiveCfg = Release|Any CPU
		{7C82A865-A02C-4B2E-AB0C-89DAF90335CE}.Release|x86.Build.0 = Release|Any CPU
		{70D7AB43-14A3-4DB1-86C7-119ECD1F90C5}.Debug|Any CPU.ActiveCfg = Debug|Any CPU
		{70D7AB43-14A3-4DB1-86C7-119ECD1F90C5}.Debug|Any CPU.Build.0 = Debug|Any CPU
		{70D7AB43-14A3-4DB1-86C7-119ECD1F90C5}.Debug|x64.ActiveCfg = Debug|Any CPU
		{70D7AB43-14A3-4DB1-86C7-119ECD1F90C5}.Debug|x64.Build.0 = Debug|Any CPU
		{70D7AB43-14A3-4DB1-86C7-119ECD1F90C5}.Debug|x86.ActiveCfg = Debug|Any CPU
		{70D7AB43-14A3-4DB1-86C7-119ECD1F90C5}.Debug|x86.Build.0 = Debug|Any CPU
		{70D7AB43-14A3-4DB1-86C7-119ECD1F90C5}.Release|Any CPU.ActiveCfg = Release|Any CPU
		{70D7AB43-14A3-4DB1-86C7-119ECD1F90C5}.Release|Any CPU.Build.0 = Release|Any CPU
		{70D7AB43-14A3-4DB1-86C7-119ECD1F90C5}.Release|x64.ActiveCfg = Release|Any CPU
		{70D7AB43-14A3-4DB1-86C7-119ECD1F90C5}.Release|x64.Build.0 = Release|Any CPU
		{70D7AB43-14A3-4DB1-86C7-119ECD1F90C5}.Release|x86.ActiveCfg = Release|Any CPU
		{70D7AB43-14A3-4DB1-86C7-119ECD1F90C5}.Release|x86.Build.0 = Release|Any CPU
		{0B7BA212-0585-4943-A1C0-A563F6A6C6BA}.Debug|Any CPU.ActiveCfg = Debug|Any CPU
		{0B7BA212-0585-4943-A1C0-A563F6A6C6BA}.Debug|Any CPU.Build.0 = Debug|Any CPU
		{0B7BA212-0585-4943-A1C0-A563F6A6C6BA}.Debug|x64.ActiveCfg = Debug|Any CPU
		{0B7BA212-0585-4943-A1C0-A563F6A6C6BA}.Debug|x64.Build.0 = Debug|Any CPU
		{0B7BA212-0585-4943-A1C0-A563F6A6C6BA}.Debug|x86.ActiveCfg = Debug|Any CPU
		{0B7BA212-0585-4943-A1C0-A563F6A6C6BA}.Debug|x86.Build.0 = Debug|Any CPU
		{0B7BA212-0585-4943-A1C0-A563F6A6C6BA}.Release|Any CPU.ActiveCfg = Release|Any CPU
		{0B7BA212-0585-4943-A1C0-A563F6A6C6BA}.Release|Any CPU.Build.0 = Release|Any CPU
		{0B7BA212-0585-4943-A1C0-A563F6A6C6BA}.Release|x64.ActiveCfg = Release|Any CPU
		{0B7BA212-0585-4943-A1C0-A563F6A6C6BA}.Release|x64.Build.0 = Release|Any CPU
		{0B7BA212-0585-4943-A1C0-A563F6A6C6BA}.Release|x86.ActiveCfg = Release|Any CPU
		{0B7BA212-0585-4943-A1C0-A563F6A6C6BA}.Release|x86.Build.0 = Release|Any CPU
	EndGlobalSection
	GlobalSection(NestedProjects) = preSolution
		{99AA874A-5447-4DC5-923D-3F1B51563D84} = {9EFB98D4-277D-4514-AEF9-A569EF53CE3E}
		{7C82A865-A02C-4B2E-AB0C-89DAF90335CE} = {9EFB98D4-277D-4514-AEF9-A569EF53CE3E}
		{70D7AB43-14A3-4DB1-86C7-119ECD1F90C5} = {9EFB98D4-277D-4514-AEF9-A569EF53CE3E}
		{0B7BA212-0585-4943-A1C0-A563F6A6C6BA} = {9EFB98D4-277D-4514-AEF9-A569EF53CE3E}
	EndGlobalSection
EndGlobal
